{
  "name": "HelpEditor",
  "lockfileVersion": 2,
  "requires": true,
  "packages": {
    "": {
      "dependencies": {
        "text-selection-react": "^1.1.8"
      }
    },
    "node_modules/text-selection-react": {
      "version": "1.1.8",
      "resolved": "https://registry.npmjs.org/text-selection-react/-/text-selection-react-1.1.8.tgz",
      "integrity": "sha512-BSl528YU/Ct2cWbj5kdfchrw8RLTakkd8coxJXr6TQI6gBKkyO+IxgwwX9yF1LFVzhwaJ4CVAQ4rxMLaW+vpaA=="
    }
  },
  "dependencies": {
    "text-selection-react": {
      "version": "1.1.8",
      "resolved": "https://registry.npmjs.org/text-selection-react/-/text-selection-react-1.1.8.tgz",
      "integrity": "sha512-BSl528YU/Ct2cWbj5kdfchrw8RLTakkd8coxJXr6TQI6gBKkyO+IxgwwX9yF1LFVzhwaJ4CVAQ4rxMLaW+vpaA=="
    }
  }
}
